// !$*UTF8*$!
{
	archiveVersion = 1;
	classes = {
	};
	objectVersion = 51;
	objects = {

/* Begin PBXBuildFile section */
		28394D632694AABB004B4CE2 /* AppDelegate.swift in Sources */ = {isa = PBXBuildFile; fileRef = 28394D622694AABB004B4CE2 /* AppDelegate.swift */; };
		28394D652694AABB004B4CE2 /* SceneDelegate.swift in Sources */ = {isa = PBXBuildFile; fileRef = 28394D642694AABB004B4CE2 /* SceneDelegate.swift */; };
		28394D672694AABB004B4CE2 /* MainView.swift in Sources */ = {isa = PBXBuildFile; fileRef = 28394D662694AABB004B4CE2 /* MainView.swift */; };
		28394D6C2694AACC004B4CE2 /* Assets.xcassets in Resources */ = {isa = PBXBuildFile; fileRef = 28394D6B2694AACC004B4CE2 /* Assets.xcassets */; };
		28394D6F2694AACC004B4CE2 /* LaunchScreen.storyboard in Resources */ = {isa = PBXBuildFile; fileRef = 28394D6D2694AACC004B4CE2 /* LaunchScreen.storyboard */; };
		28394D7A2694B260004B4CE2 /* BeersTableView.swift in Sources */ = {isa = PBXBuildFile; fileRef = 28394D792694B260004B4CE2 /* BeersTableView.swift */; };
		28394D7C269590D7004B4CE2 /* BeerTableViewCell.swift in Sources */ = {isa = PBXBuildFile; fileRef = 28394D7B269590D7004B4CE2 /* BeerTableViewCell.swift */; };
		28394D7E2695CBD6004B4CE2 /* NetworkService.swift in Sources */ = {isa = PBXBuildFile; fileRef = 28394D7D2695CBD6004B4CE2 /* NetworkService.swift */; };
		28394D822695CCBB004B4CE2 /* Beer.swift in Sources */ = {isa = PBXBuildFile; fileRef = 28394D812695CCBB004B4CE2 /* Beer.swift */; };
		28CA290B2695DAB4000F5D79 /* MainPresenter.swift in Sources */ = {isa = PBXBuildFile; fileRef = 28CA290A2695DAB4000F5D79 /* MainPresenter.swift */; };
		28CA290F26962ABF000F5D79 /* Builder.swift in Sources */ = {isa = PBXBuildFile; fileRef = 28CA290E26962ABF000F5D79 /* Builder.swift */; };
		841405F2B5B8D5C717CAD69C /* Pods_Punk.framework in Frameworks */ = {isa = PBXBuildFile; fileRef = 355BFE24959F9A37CB6B90FB /* Pods_Punk.framework */; };
/* End PBXBuildFile section */

/* Begin PBXFileReference section */
		11F46AFDC369186A62588D35 /* Pods-Punk.debug.xcconfig */ = {isa = PBXFileReference; includeInIndex = 1; lastKnownFileType = text.xcconfig; name = "Pods-Punk.debug.xcconfig"; path = "Target Support Files/Pods-Punk/Pods-Punk.debug.xcconfig"; sourceTree = "<group>"; };
		28394D5F2694AABB004B4CE2 /* Punk.app */ = {isa = PBXFileReference; explicitFileType = wrapper.application; includeInIndex = 0; path = Punk.app; sourceTree = BUILT_PRODUCTS_DIR; };
		28394D622694AABB004B4CE2 /* AppDelegate.swift */ = {isa = PBXFileReference; lastKnownFileType = sourcecode.swift; path = AppDelegate.swift; sourceTree = "<group>"; };
		28394D642694AABB004B4CE2 /* SceneDelegate.swift */ = {isa = PBXFileReference; lastKnownFileType = sourcecode.swift; path = SceneDelegate.swift; sourceTree = "<group>"; };
		28394D662694AABB004B4CE2 /* MainView.swift */ = {isa = PBXFileReference; lastKnownFileType = sourcecode.swift; path = MainView.swift; sourceTree = "<group>"; };
		28394D6B2694AACC004B4CE2 /* Assets.xcassets */ = {isa = PBXFileReference; lastKnownFileType = folder.assetcatalog; path = Assets.xcassets; sourceTree = "<group>"; };
		28394D6E2694AACC004B4CE2 /* Base */ = {isa = PBXFileReference; lastKnownFileType = file.storyboard; name = Base; path = Base.lproj/LaunchScreen.storyboard; sourceTree = "<group>"; };
		28394D702694AACC004B4CE2 /* Info.plist */ = {isa = PBXFileReference; lastKnownFileType = text.plist.xml; path = Info.plist; sourceTree = "<group>"; };
		28394D792694B260004B4CE2 /* BeersTableView.swift */ = {isa = PBXFileReference; lastKnownFileType = sourcecode.swift; path = BeersTableView.swift; sourceTree = "<group>"; };
		28394D7B269590D7004B4CE2 /* BeerTableViewCell.swift */ = {isa = PBXFileReference; lastKnownFileType = sourcecode.swift; path = BeerTableViewCell.swift; sourceTree = "<group>"; };
		28394D7D2695CBD6004B4CE2 /* NetworkService.swift */ = {isa = PBXFileReference; lastKnownFileType = sourcecode.swift; path = NetworkService.swift; sourceTree = "<group>"; };
		28394D812695CCBB004B4CE2 /* Beer.swift */ = {isa = PBXFileReference; lastKnownFileType = sourcecode.swift; path = Beer.swift; sourceTree = "<group>"; };
		28CA290A2695DAB4000F5D79 /* MainPresenter.swift */ = {isa = PBXFileReference; lastKnownFileType = sourcecode.swift; path = MainPresenter.swift; sourceTree = "<group>"; };
		28CA290E26962ABF000F5D79 /* Builder.swift */ = {isa = PBXFileReference; lastKnownFileType = sourcecode.swift; path = Builder.swift; sourceTree = "<group>"; };
		355BFE24959F9A37CB6B90FB /* Pods_Punk.framework */ = {isa = PBXFileReference; explicitFileType = wrapper.framework; includeInIndex = 0; path = Pods_Punk.framework; sourceTree = BUILT_PRODUCTS_DIR; };
		C90A073E292072528DE837FD /* Pods-Punk.release.xcconfig */ = {isa = PBXFileReference; includeInIndex = 1; lastKnownFileType = text.xcconfig; name = "Pods-Punk.release.xcconfig"; path = "Target Support Files/Pods-Punk/Pods-Punk.release.xcconfig"; sourceTree = "<group>"; };
/* End PBXFileReference section */

/* Begin PBXFrameworksBuildPhase section */
		28394D5C2694AABB004B4CE2 /* Frameworks */ = {
			isa = PBXFrameworksBuildPhase;
			buildActionMask = 2147483647;
			files = (
				841405F2B5B8D5C717CAD69C /* Pods_Punk.framework in Frameworks */,
			);
			runOnlyForDeploymentPostprocessing = 0;
		};
/* End PBXFrameworksBuildPhase section */

/* Begin PBXGroup section */
		28394D562694AABB004B4CE2 = {
			isa = PBXGroup;
			children = (
				28394D612694AABB004B4CE2 /* Punk */,
				28394D602694AABB004B4CE2 /* Products */,
				5204670BFAD86650AE8ED8ED /* Pods */,
				73EF14E9D5F359286759997B /* Frameworks */,
			);
			sourceTree = "<group>";
		};
		28394D602694AABB004B4CE2 /* Products */ = {
			isa = PBXGroup;
			children = (
				28394D5F2694AABB004B4CE2 /* Punk.app */,
			);
			name = Products;
			sourceTree = "<group>";
		};
		28394D612694AABB004B4CE2 /* Punk */ = {
			isa = PBXGroup;
			children = (
				28394D782694B0CE004B4CE2 /* SupportFiles */,
				28394D762694B0A7004B4CE2 /* MainModule */,
				28394D6B2694AACC004B4CE2 /* Assets.xcassets */,
				28394D6D2694AACC004B4CE2 /* LaunchScreen.storyboard */,
				28394D702694AACC004B4CE2 /* Info.plist */,
				28394D7F2695CC0B004B4CE2 /* ServiceLayer */,
			);
			path = Punk;
			sourceTree = "<group>";
		};
		28394D762694B0A7004B4CE2 /* MainModule */ = {
			isa = PBXGroup;
			children = (
				28CA29092695DA72000F5D79 /* Presenter */,
				28394D802695CCB1004B4CE2 /* Model */,
				28394D772694B0B9004B4CE2 /* View */,
			);
			path = MainModule;
			sourceTree = "<group>";
		};
		28394D772694B0B9004B4CE2 /* View */ = {
			isa = PBXGroup;
			children = (
				28394D662694AABB004B4CE2 /* MainView.swift */,
				28394D792694B260004B4CE2 /* BeersTableView.swift */,
				28394D7B269590D7004B4CE2 /* BeerTableViewCell.swift */,
			);
			path = View;
			sourceTree = "<group>";
		};
		28394D782694B0CE004B4CE2 /* SupportFiles */ = {
			isa = PBXGroup;
			children = (
				28394D622694AABB004B4CE2 /* AppDelegate.swift */,
				28394D642694AABB004B4CE2 /* SceneDelegate.swift */,
				28CA290E26962ABF000F5D79 /* Builder.swift */,
			);
			path = SupportFiles;
			sourceTree = "<group>";
		};
		28394D7F2695CC0B004B4CE2 /* ServiceLayer */ = {
			isa = PBXGroup;
			children = (
				28394D7D2695CBD6004B4CE2 /* NetworkService.swift */,
			);
			path = ServiceLayer;
			sourceTree = "<group>";
		};
		28394D802695CCB1004B4CE2 /* Model */ = {
			isa = PBXGroup;
			children = (
				28394D812695CCBB004B4CE2 /* Beer.swift */,
			);
			path = Model;
			sourceTree = "<group>";
		};
		28CA29092695DA72000F5D79 /* Presenter */ = {
			isa = PBXGroup;
			children = (
				28CA290A2695DAB4000F5D79 /* MainPresenter.swift */,
			);
			path = Presenter;
			sourceTree = "<group>";
		};
		5204670BFAD86650AE8ED8ED /* Pods */ = {
			isa = PBXGroup;
			children = (
				11F46AFDC369186A62588D35 /* Pods-Punk.debug.xcconfig */,
				C90A073E292072528DE837FD /* Pods-Punk.release.xcconfig */,
			);
			path = Pods;
			sourceTree = "<group>";
		};
		73EF14E9D5F359286759997B /* Frameworks */ = {
			isa = PBXGroup;
			children = (
				355BFE24959F9A37CB6B90FB /* Pods_Punk.framework */,
			);
			name = Frameworks;
			sourceTree = "<group>";
		};
/* End PBXGroup section */

/* Begin PBXNativeTarget section */
		28394D5E2694AABB004B4CE2 /* Punk */ = {
			isa = PBXNativeTarget;
			buildConfigurationList = 28394D732694AACC004B4CE2 /* Build configuration list for PBXNativeTarget "Punk" */;
			buildPhases = (
				D7F68FB3E26B966D639F6C34 /* [CP] Check Pods Manifest.lock */,
				28394D5B2694AABB004B4CE2 /* Sources */,
				28394D5C2694AABB004B4CE2 /* Frameworks */,
				28394D5D2694AABB004B4CE2 /* Resources */,
				34DDDFAFB5F69A18B5F4E4FC /* [CP] Embed Pods Frameworks */,
			);
			buildRules = (
			);
			dependencies = (
			);
			name = Punk;
			productName = Punk;
			productReference = 28394D5F2694AABB004B4CE2 /* Punk.app */;
			productType = "com.apple.product-type.application";
		};
/* End PBXNativeTarget section */

/* Begin PBXProject section */
		28394D572694AABB004B4CE2 /* Project object */ = {
			isa = PBXProject;
			attributes = {
				LastSwiftUpdateCheck = 1250;
				LastUpgradeCheck = 1250;
				TargetAttributes = {
					28394D5E2694AABB004B4CE2 = {
						CreatedOnToolsVersion = 12.5.1;
					};
				};
			};
			buildConfigurationList = 28394D5A2694AABB004B4CE2 /* Build configuration list for PBXProject "Punk" */;
			compatibilityVersion = "Xcode 9.3";
			developmentRegion = en;
			hasScannedForEncodings = 0;
			knownRegions = (
				en,
				Base,
			);
			mainGroup = 28394D562694AABB004B4CE2;
			productRefGroup = 28394D602694AABB004B4CE2 /* Products */;
			projectDirPath = "";
			projectRoot = "";
			targets = (
				28394D5E2694AABB004B4CE2 /* Punk */,
			);
		};
/* End PBXProject section */

/* Begin PBXResourcesBuildPhase section */
		28394D5D2694AABB004B4CE2 /* Resources */ = {
			isa = PBXResourcesBuildPhase;
			buildActionMask = 2147483647;
			files = (
				28394D6F2694AACC004B4CE2 /* LaunchScreen.storyboard in Resources */,
				28394D6C2694AACC004B4CE2 /* Assets.xcassets in Resources */,
			);
			runOnlyForDeploymentPostprocessing = 0;
		};
/* End PBXResourcesBuildPhase section */

/* Begin PBXShellScriptBuildPhase section */
		34DDDFAFB5F69A18B5F4E4FC /* [CP] Embed Pods Frameworks */ = {
			isa = PBXShellScriptBuildPhase;
			buildActionMask = 2147483647;
			files = (
			);
			inputFileListPaths = (
				"${PODS_ROOT}/Target Support Files/Pods-Punk/Pods-Punk-frameworks-${CONFIGURATION}-input-files.xcfilelist",
			);
			name = "[CP] Embed Pods Frameworks";
			outputFileListPaths = (
				"${PODS_ROOT}/Target Support Files/Pods-Punk/Pods-Punk-frameworks-${CONFIGURATION}-output-files.xcfilelist",
			);
			runOnlyForDeploymentPostprocessing = 0;
			shellPath = /bin/sh;
			shellScript = "\"${PODS_ROOT}/Target Support Files/Pods-Punk/Pods-Punk-frameworks.sh\"\n";
			showEnvVarsInLog = 0;
		};
		D7F68FB3E26B966D639F6C34 /* [CP] Check Pods Manifest.lock */ = {
			isa = PBXShellScriptBuildPhase;
			buildActionMask = 2147483647;
			files = (
			);
			inputFileListPaths = (
			);
			inputPaths = (
				"${PODS_PODFILE_DIR_PATH}/Podfile.lock",
				"${PODS_ROOT}/Manifest.lock",
			);
			name = "[CP] Check Pods Manifest.lock";
			outputFileListPaths = (
			);
			outputPaths = (
				"$(DERIVED_FILE_DIR)/Pods-Punk-checkManifestLockResult.txt",
			);
			runOnlyForDeploymentPostprocessing = 0;
			shellPath = /bin/sh;
			shellScript = "diff \"${PODS_PODFILE_DIR_PATH}/Podfile.lock\" \"${PODS_ROOT}/Manifest.lock\" > /dev/null\nif [ $? != 0 ] ; then\n    # print error to STDERR\n    echo \"error: The sandbox is not in sync with the Podfile.lock. Run 'pod install' or update your CocoaPods installation.\" >&2\n    exit 1\nfi\n# This output is used by Xcode 'outputs' to avoid re-running this script phase.\necho \"SUCCESS\" > \"${SCRIPT_OUTPUT_FILE_0}\"\n";
			showEnvVarsInLog = 0;
		};
/* End PBXShellScriptBuildPhase section */

/* Begin PBXSourcesBuildPhase section */
		28394D5B2694AABB004B4CE2 /* Sources */ = {
			isa = PBXSourcesBuildPhase;
			buildActionMask = 2147483647;
			files = (
				28394D672694AABB004B4CE2 /* MainView.swift in Sources */,
				28394D7E2695CBD6004B4CE2 /* NetworkService.swift in Sources */,
				28394D632694AABB004B4CE2 /* AppDelegate.swift in Sources */,
				28CA290B2695DAB4000F5D79 /* MainPresenter.swift in Sources */,
				28394D652694AABB004B4CE2 /* SceneDelegate.swift in Sources */,
				28394D7A2694B260004B4CE2 /* BeersTableView.swift in Sources */,
				28394D822695CCBB004B4CE2 /* Beer.swift in Sources */,
				28394D7C269590D7004B4CE2 /* BeerTableViewCell.swift in Sources */,
				28CA290F26962ABF000F5D79 /* Builder.swift in Sources */,
			);
			runOnlyForDeploymentPostprocessing = 0;
		};
/* End PBXSourcesBuildPhase section */

/* Begin PBXVariantGroup section */
		28394D6D2694AACC004B4CE2 /* LaunchScreen.storyboard */ = {
			isa = PBXVariantGroup;
			children = (
				28394D6E2694AACC004B4CE2 /* Base */,
			);
			name = LaunchScreen.storyboard;
			sourceTree = "<group>";
		};
/* End PBXVariantGroup section */

/* Begin XCBuildConfiguration section */
		28394D712694AACC004B4CE2 /* Debug */ = {
			isa = XCBuildConfiguration;
			buildSettings = {
				ALWAYS_SEARCH_USER_PATHS = NO;
				CLANG_ANALYZER_NONNULL = YES;
				CLANG_ANALYZER_NUMBER_OBJECT_CONVERSION = YES_AGGRESSIVE;
				CLANG_CXX_LANGUAGE_STANDARD = "gnu++14";
				CLANG_CXX_LIBRARY = "libc++";
				CLANG_ENABLE_MODULES = YES;
				CLANG_ENABLE_OBJC_ARC = YES;
				CLANG_ENABLE_OBJC_WEAK = YES;
				CLANG_WARN_BLOCK_CAPTURE_AUTORELEASING = YES;
				CLANG_WARN_BOOL_CONVERSION = YES;
				CLANG_WARN_COMMA = YES;
				CLANG_WARN_CONSTANT_CONVERSION = YES;
				CLANG_WARN_DEPRECATED_OBJC_IMPLEMENTATIONS = YES;
				CLANG_WARN_DIRECT_OBJC_ISA_USAGE = YES_ERROR;
				CLANG_WARN_DOCUMENTATION_COMMENTS = YES;
				CLANG_WARN_EMPTY_BODY = YES;
				CLANG_WARN_ENUM_CONVERSION = YES;
				CLANG_WARN_INFINITE_RECURSION = YES;
				CLANG_WARN_INT_CONVERSION = YES;
				CLANG_WARN_NON_LITERAL_NULL_CONVERSION = YES;
				CLANG_WARN_OBJC_IMPLICIT_RETAIN_SELF = YES;
				CLANG_WARN_OBJC_LITERAL_CONVERSION = YES;
				CLANG_WARN_OBJC_ROOT_CLASS = YES_ERROR;
				CLANG_WARN_QUOTED_INCLUDE_IN_FRAMEWORK_HEADER = YES;
				CLANG_WARN_RANGE_LOOP_ANALYSIS = YES;
				CLANG_WARN_STRICT_PROTOTYPES = YES;
				CLANG_WARN_SUSPICIOUS_MOVE = YES;
				CLANG_WARN_UNGUARDED_AVAILABILITY = YES_AGGRESSIVE;
				CLANG_WARN_UNREACHABLE_CODE = YES;
				CLANG_WARN__DUPLICATE_METHOD_MATCH = YES;
				COPY_PHASE_STRIP = NO;
				DEBUG_INFORMATION_FORMAT = dwarf;
				ENABLE_STRICT_OBJC_MSGSEND = YES;
				ENABLE_TESTABILITY = YES;
				GCC_C_LANGUAGE_STANDARD = gnu11;
				GCC_DYNAMIC_NO_PIC = NO;
				GCC_NO_COMMON_BLOCKS = YES;
				GCC_OPTIMIZATION_LEVEL = 0;
				GCC_PREPROCESSOR_DEFINITIONS = (
					"DEBUG=1",
					"$(inherited)",
				);
				GCC_WARN_64_TO_32_BIT_CONVERSION = YES;
				GCC_WARN_ABOUT_RETURN_TYPE = YES_ERROR;
				GCC_WARN_UNDECLARED_SELECTOR = YES;
				GCC_WARN_UNINITIALIZED_AUTOS = YES_AGGRESSIVE;
				GCC_WARN_UNUSED_FUNCTION = YES;
				GCC_WARN_UNUSED_VARIABLE = YES;
				IPHONEOS_DEPLOYMENT_TARGET = 14.5;
				MTL_ENABLE_DEBUG_INFO = INCLUDE_SOURCE;
				MTL_FAST_MATH = YES;
				ONLY_ACTIVE_ARCH = YES;
				SDKROOT = iphoneos;
				SWIFT_ACTIVE_COMPILATION_CONDITIONS = DEBUG;
				SWIFT_OPTIMIZATION_LEVEL = "-Onone";
			};
			name = Debug;
		};
		28394D722694AACC004B4CE2 /* Release */ = {
			isa = XCBuildConfiguration;
			buildSettings = {
				ALWAYS_SEARCH_USER_PATHS = NO;
				CLANG_ANALYZER_NONNULL = YES;
				CLANG_ANALYZER_NUMBER_OBJECT_CONVERSION = YES_AGGRESSIVE;
				CLANG_CXX_LANGUAGE_STANDARD = "gnu++14";
				CLANG_CXX_LIBRARY = "libc++";
				CLANG_ENABLE_MODULES = YES;
				CLANG_ENABLE_OBJC_ARC = YES;
				CLANG_ENABLE_OBJC_WEAK = YES;
				CLANG_WARN_BLOCK_CAPTURE_AUTORELEASING = YES;
				CLANG_WARN_BOOL_CONVERSION = YES;
				CLANG_WARN_COMMA = YES;
				CLANG_WARN_CONSTANT_CONVERSION = YES;
				CLANG_WARN_DEPRECATED_OBJC_IMPLEMENTATIONS = YES;
				CLANG_WARN_DIRECT_OBJC_ISA_USAGE = YES_ERROR;
				CLANG_WARN_DOCUMENTATION_COMMENTS = YES;
				CLANG_WARN_EMPTY_BODY = YES;
				CLANG_WARN_ENUM_CONVERSION = YES;
				CLANG_WARN_INFINITE_RECURSION = YES;
				CLANG_WARN_INT_CONVERSION = YES;
				CLANG_WARN_NON_LITERAL_NULL_CONVERSION = YES;
				CLANG_WARN_OBJC_IMPLICIT_RETAIN_SELF = YES;
				CLANG_WARN_OBJC_LITERAL_CONVERSION = YES;
				CLANG_WARN_OBJC_ROOT_CLASS = YES_ERROR;
				CLANG_WARN_QUOTED_INCLUDE_IN_FRAMEWORK_HEADER = YES;
				CLANG_WARN_RANGE_LOOP_ANALYSIS = YES;
				CLANG_WARN_STRICT_PROTOTYPES = YES;
				CLANG_WARN_SUSPICIOUS_MOVE = YES;
				CLANG_WARN_UNGUARDED_AVAILABILITY = YES_AGGRESSIVE;
				CLANG_WARN_UNREACHABLE_CODE = YES;
				CLANG_WARN__DUPLICATE_METHOD_MATCH = YES;
				COPY_PHASE_STRIP = NO;
				DEBUG_INFORMATION_FORMAT = "dwarf-with-dsym";
				ENABLE_NS_ASSERTIONS = NO;
				ENABLE_STRICT_OBJC_MSGSEND = YES;
				GCC_C_LANGUAGE_STANDARD = gnu11;
				GCC_NO_COMMON_BLOCKS = YES;
				GCC_WARN_64_TO_32_BIT_CONVERSION = YES;
				GCC_WARN_ABOUT_RETURN_TYPE = YES_ERROR;
				GCC_WARN_UNDECLARED_SELECTOR = YES;
				GCC_WARN_UNINITIALIZED_AUTOS = YES_AGGRESSIVE;
				GCC_WARN_UNUSED_FUNCTION = YES;
				GCC_WARN_UNUSED_VARIABLE = YES;
				IPHONEOS_DEPLOYMENT_TARGET = 14.5;
				MTL_ENABLE_DEBUG_INFO = NO;
				MTL_FAST_MATH = YES;
				SDKROOT = iphoneos;
				SWIFT_COMPILATION_MODE = wholemodule;
				SWIFT_OPTIMIZATION_LEVEL = "-O";
				VALIDATE_PRODUCT = YES;
			};
			name = Release;
		};
		28394D742694AACC004B4CE2 /* Debug */ = {
			isa = XCBuildConfiguration;
			baseConfigurationReference = 11F46AFDC369186A62588D35 /* Pods-Punk.debug.xcconfig */;
			buildSettings = {
				ASSETCATALOG_COMPILER_APPICON_NAME = AppIcon;
				ASSETCATALOG_COMPILER_GLOBAL_ACCENT_COLOR_NAME = AccentColor;
				CODE_SIGN_STYLE = Automatic;
				DEVELOPMENT_TEAM = P3N2G95HRL;
				INFOPLIST_FILE = Punk/Info.plist;
				LD_RUNPATH_SEARCH_PATHS = (
					"$(inherited)",
					"@executable_path/Frameworks",
				);
				PRODUCT_BUNDLE_IDENTIFIER = com.suppadu.Punk;
				PRODUCT_NAME = "$(TARGET_NAME)";
				SWIFT_VERSION = 5.0;
				TARGETED_DEVICE_FAMILY = "1,2";
			};
			name = Debug;
		};
		28394D752694AACC004B4CE2 /* Release */ = {
			isa = XCBuildConfiguration;
			baseConfigurationReference = C90A073E292072528DE837FD /* Pods-Punk.release.xcconfig */;
			buildSettings = {
				ASSETCATALOG_COMPILER_APPICON_NAME = AppIcon;
				ASSETCATALOG_COMPILER_GLOBAL_ACCENT_COLOR_NAME = AccentColor;
				CODE_SIGN_STYLE = Automatic;
				DEVELOPMENT_TEAM = P3N2G95HRL;
				INFOPLIST_FILE = Punk/Info.plist;
				LD_RUNPATH_SEARCH_PATHS = (
					"$(inherited)",
					"@executable_path/Frameworks",
				);
				PRODUCT_BUNDLE_IDENTIFIER = com.suppadu.Punk;
				PRODUCT_NAME = "$(TARGET_NAME)";
				SWIFT_VERSION = 5.0;
				TARGETED_DEVICE_FAMILY = "1,2";
			};
			name = Release;
		};
/* End XCBuildConfiguration section */

/* Begin XCConfigurationList section */
		28394D5A2694AABB004B4CE2 /* Build configuration list for PBXProject "Punk" */ = {
			isa = XCConfigurationList;
			buildConfigurations = (
				28394D712694AACC004B4CE2 /* Debug */,
				28394D722694AACC004B4CE2 /* Release */,
			);
			defaultConfigurationIsVisible = 0;
			defaultConfigurationName = Release;
		};
		28394D732694AACC004B4CE2 /* Build configuration list for PBXNativeTarget "Punk" */ = {
			isa = XCConfigurationList;
			buildConfigurations = (
				28394D742694AACC004B4CE2 /* Debug */,
				28394D752694AACC004B4CE2 /* Release */,
			);
			defaultConfigurationIsVisible = 0;
			defaultConfigurationName = Release;
		};
/* End XCConfigurationList section */
	};
	rootObject = 28394D572694AABB004B4CE2 /* Project object */;
}
